
Microsoft Visual Studio Solution File, Format Version 12.00
# Visual Studio 2017
Project("{FAE04EC0-301F-11D3-BF4B-00C04F79EFBC}") = "Don't Let The Light Go Out", "Don't Let The Light Go Out.csproj", "{F8ECA3D5-CC35-D66A-0523-97677F6E73BE}"
EndProject
Global
	GlobalSection(SolutionConfigurationPlatforms) = preSolution
		Debug|Any CPU = Debug|Any CPU
		Release|Any CPU = Release|Any CPU
	EndGlobalSection
	GlobalSection(ProjectConfigurationPlatforms) = postSolution
		{F8ECA3D5-CC35-D66A-0523-97677F6E73BE}.Debug|Any CPU.ActiveCfg = Debug|Any CPU
		{F8ECA3D5-CC35-D66A-0523-97677F6E73BE}.Debug|Any CPU.Build.0 = Debug|Any CPU
		{F8ECA3D5-CC35-D66A-0523-97677F6E73BE}.Release|Any CPU.ActiveCfg = Release|Any CPU
		{F8ECA3D5-CC35-D66A-0523-97677F6E73BE}.Release|Any CPU.Build.0 = Release|Any CPU
	EndGlobalSection
	GlobalSection(SolutionProperties) = preSolution
		HideSolutionNode = FALSE
	EndGlobalSection
EndGlobal
